// !$*UTF8*$!
{
	archiveVersion = 1;
	classes = {
	};
	objectVersion = 50;
	objects = {

/* Begin PBXBuildFile section */
		4F082B02260BBFB60008FF22 /* Tests_iOS.swift in Sources */ = {isa = PBXBuildFile; fileRef = 4F082B01260BBFB60008FF22 /* Tests_iOS.swift */; };
		4F082B0D260BBFB60008FF22 /* Tests_macOS.swift in Sources */ = {isa = PBXBuildFile; fileRef = 4F082B0C260BBFB60008FF22 /* Tests_macOS.swift */; };
		4F082B0F260BBFB60008FF22 /* iosAppApp.swift in Sources */ = {isa = PBXBuildFile; fileRef = 4F082AE6260BBFB50008FF22 /* iosAppApp.swift */; };
		4F082B10260BBFB60008FF22 /* iosAppApp.swift in Sources */ = {isa = PBXBuildFile; fileRef = 4F082AE6260BBFB50008FF22 /* iosAppApp.swift */; };
		4F082B11260BBFB60008FF22 /* ContentView.swift in Sources */ = {isa = PBXBuildFile; fileRef = 4F082AE7260BBFB50008FF22 /* ContentView.swift */; };
		4F082B12260BBFB60008FF22 /* ContentView.swift in Sources */ = {isa = PBXBuildFile; fileRef = 4F082AE7260BBFB50008FF22 /* ContentView.swift */; };
		4F082B13260BBFB60008FF22 /* Assets.xcassets in Resources */ = {isa = PBXBuildFile; fileRef = 4F082AE8260BBFB60008FF22 /* Assets.xcassets */; };
		4F082B14260BBFB60008FF22 /* Assets.xcassets in Resources */ = {isa = PBXBuildFile; fileRef = 4F082AE8260BBFB60008FF22 /* Assets.xcassets */; };
/* End PBXBuildFile section */

/* Begin PBXContainerItemProxy section */
		4F082AFE260BBFB60008FF22 /* PBXContainerItemProxy */ = {
			isa = PBXContainerItemProxy;
			containerPortal = 4F082AE1260BBFB50008FF22 /* Project object */;
			proxyType = 1;
			remoteGlobalIDString = 4F082AEC260BBFB60008FF22;
			remoteInfo = "iosApp (iOS)";
		};
		4F082B09260BBFB60008FF22 /* PBXContainerItemProxy */ = {
			isa = PBXContainerItemProxy;
			containerPortal = 4F082AE1260BBFB50008FF22 /* Project object */;
			proxyType = 1;
			remoteGlobalIDString = 4F082AF4260BBFB60008FF22;
			remoteInfo = "iosApp (macOS)";
		};
/* End PBXContainerItemProxy section */

/* Begin PBXFileReference section */
		4F082AE6260BBFB50008FF22 /* iosAppApp.swift */ = {isa = PBXFileReference; lastKnownFileType = sourcecode.swift; path = iosAppApp.swift; sourceTree = "<group>"; };
		4F082AE7260BBFB50008FF22 /* ContentView.swift */ = {isa = PBXFileReference; lastKnownFileType = sourcecode.swift; path = ContentView.swift; sourceTree = "<group>"; };
		4F082AE8260BBFB60008FF22 /* Assets.xcassets */ = {isa = PBXFileReference; lastKnownFileType = folder.assetcatalog; path = Assets.xcassets; sourceTree = "<group>"; };
		4F082AED260BBFB60008FF22 /* iosApp.app */ = {isa = PBXFileReference; explicitFileType = wrapper.application; includeInIndex = 0; path = iosApp.app; sourceTree = BUILT_PRODUCTS_DIR; };
		4F082AF0260BBFB60008FF22 /* Info.plist */ = {isa = PBXFileReference; lastKnownFileType = text.plist.xml; path = Info.plist; sourceTree = "<group>"; };
		4F082AF5260BBFB60008FF22 /* iosApp.app */ = {isa = PBXFileReference; explicitFileType = wrapper.application; includeInIndex = 0; path = iosApp.app; sourceTree = BUILT_PRODUCTS_DIR; };
		4F082AF7260BBFB60008FF22 /* Info.plist */ = {isa = PBXFileReference; lastKnownFileType = text.plist.xml; path = Info.plist; sourceTree = "<group>"; };
		4F082AF8260BBFB60008FF22 /* macOS.entitlements */ = {isa = PBXFileReference; lastKnownFileType = text.plist.entitlements; path = macOS.entitlements; sourceTree = "<group>"; };
		4F082AFD260BBFB60008FF22 /* Tests iOS.xctest */ = {isa = PBXFileReference; explicitFileType = wrapper.cfbundle; includeInIndex = 0; path = "Tests iOS.xctest"; sourceTree = BUILT_PRODUCTS_DIR; };
		4F082B01260BBFB60008FF22 /* Tests_iOS.swift */ = {isa = PBXFileReference; lastKnownFileType = sourcecode.swift; path = Tests_iOS.swift; sourceTree = "<group>"; };
		4F082B03260BBFB60008FF22 /* Info.plist */ = {isa = PBXFileReference; lastKnownFileType = text.plist.xml; path = Info.plist; sourceTree = "<group>"; };
		4F082B08260BBFB60008FF22 /* Tests macOS.xctest */ = {isa = PBXFileReference; explicitFileType = wrapper.cfbundle; includeInIndex = 0; path = "Tests macOS.xctest"; sourceTree = BUILT_PRODUCTS_DIR; };
		4F082B0C260BBFB60008FF22 /* Tests_macOS.swift */ = {isa = PBXFileReference; lastKnownFileType = sourcecode.swift; path = Tests_macOS.swift; sourceTree = "<group>"; };
		4F082B0E260BBFB60008FF22 /* Info.plist */ = {isa = PBXFileReference; lastKnownFileType = text.plist.xml; path = Info.plist; sourceTree = "<group>"; };
		4F082B38260BC7830008FF22 /* Assets.xcassets */ = {isa = PBXFileReference; lastKnownFileType = folder.assetcatalog; path = Assets.xcassets; sourceTree = "<group>"; };
		4F082B39260BC7830008FF22 /* iosAppApp.swift */ = {isa = PBXFileReference; lastKnownFileType = sourcecode.swift; path = iosAppApp.swift; sourceTree = "<group>"; };
		4F082B3A260BC7830008FF22 /* ContentView.swift */ = {isa = PBXFileReference; lastKnownFileType = sourcecode.swift; path = ContentView.swift; sourceTree = "<group>"; };
/* End PBXFileReference section */

/* Begin PBXFrameworksBuildPhase section */
		4F082AEA260BBFB60008FF22 /* Frameworks */ = {
			isa = PBXFrameworksBuildPhase;
			buildActionMask = 2147483647;
			files = (
			);
			runOnlyForDeploymentPostprocessing = 0;
		};
		4F082AF2260BBFB60008FF22 /* Frameworks */ = {
			isa = PBXFrameworksBuildPhase;
			buildActionMask = 2147483647;
			files = (
			);
			runOnlyForDeploymentPostprocessing = 0;
		};
		4F082AFA260BBFB60008FF22 /* Frameworks */ = {
			isa = PBXFrameworksBuildPhase;
			buildActionMask = 2147483647;
			files = (
			);
			runOnlyForDeploymentPostprocessing = 0;
		};
		4F082B05260BBFB60008FF22 /* Frameworks */ = {
			isa = PBXFrameworksBuildPhase;
			buildActionMask = 2147483647;
			files = (
			);
			runOnlyForDeploymentPostprocessing = 0;
		};
/* End PBXFrameworksBuildPhase section */

/* Begin PBXGroup section */
		4F082AE0260BBFB50008FF22 = {
			isa = PBXGroup;
			children = (
				4F082AE5260BBFB50008FF22 /* Shared */,
				4F082AEF260BBFB60008FF22 /* iOS */,
				4F082AF6260BBFB60008FF22 /* macOS */,
				4F082B00260BBFB60008FF22 /* Tests iOS */,
				4F082B0B260BBFB60008FF22 /* Tests macOS */,
				4F082AEE260BBFB60008FF22 /* Products */,
				4F082B31260BC4C50008FF22 /* Frameworks */,
			);
			sourceTree = "<group>";
		};
		4F082AE5260BBFB50008FF22 /* Shared */ = {
			isa = PBXGroup;
			children = (
				4F082AE6260BBFB50008FF22 /* iosAppApp.swift */,
				4F082AE7260BBFB50008FF22 /* ContentView.swift */,
				4F082AE8260BBFB60008FF22 /* Assets.xcassets */,
			);
			path = Shared;
			sourceTree = "<group>";
		};
		4F082AEE260BBFB60008FF22 /* Products */ = {
			isa = PBXGroup;
			children = (
				4F082AED260BBFB60008FF22 /* iosApp.app */,
				4F082AF5260BBFB60008FF22 /* iosApp.app */,
				4F082AFD260BBFB60008FF22 /* Tests iOS.xctest */,
				4F082B08260BBFB60008FF22 /* Tests macOS.xctest */,
			);
			name = Products;
			sourceTree = "<group>";
		};
		4F082AEF260BBFB60008FF22 /* iOS */ = {
			isa = PBXGroup;
			children = (
				4F082AF0260BBFB60008FF22 /* Info.plist */,
			);
			path = iOS;
			sourceTree = "<group>";
		};
		4F082AF6260BBFB60008FF22 /* macOS */ = {
			isa = PBXGroup;
			children = (
				4F082AF7260BBFB60008FF22 /* Info.plist */,
				4F082AF8260BBFB60008FF22 /* macOS.entitlements */,
			);
			path = macOS;
			sourceTree = "<group>";
		};
		4F082B00260BBFB60008FF22 /* Tests iOS */ = {
			isa = PBXGroup;
			children = (
				4F082B01260BBFB60008FF22 /* Tests_iOS.swift */,
				4F082B03260BBFB60008FF22 /* Info.plist */,
			);
			path = "Tests iOS";
			sourceTree = "<group>";
		};
		4F082B0B260BBFB60008FF22 /* Tests macOS */ = {
			isa = PBXGroup;
			children = (
				4F082B0C260BBFB60008FF22 /* Tests_macOS.swift */,
				4F082B0E260BBFB60008FF22 /* Info.plist */,
			);
			path = "Tests macOS";
			sourceTree = "<group>";
		};
		4F082B31260BC4C50008FF22 /* Frameworks */ = {
			isa = PBXGroup;
			children = (
				4F082B37260BC7830008FF22 /* Shared */,
				4F082B32260BC4C50008FF22 /* xcode-frameworks */,
			);
			name = Frameworks;
			sourceTree = "<group>";
		};
		4F082B32260BC4C50008FF22 /* xcode-frameworks */ = {
			isa = PBXGroup;
			children = (
			);
			name = "xcode-frameworks";
			path = "Shared/build/xcode-frameworks";
			sourceTree = "<group>";
		};
		4F082B37260BC7830008FF22 /* Shared */ = {
			isa = PBXGroup;
			children = (
				4F082B38260BC7830008FF22 /* Assets.xcassets */,
				4F082B39260BC7830008FF22 /* iosAppApp.swift */,
				4F082B3A260BC7830008FF22 /* ContentView.swift */,
			);
			path = Shared;
			sourceTree = "<group>";
		};
/* End PBXGroup section */

/* Begin PBXNativeTarget section */
		4F082AEC260BBFB60008FF22 /* iosApp (iOS) */ = {
			isa = PBXNativeTarget;
			buildConfigurationList = 4F082B17260BBFB60008FF22 /* Build configuration list for PBXNativeTarget "iosApp (iOS)" */;
			buildPhases = (
				4F082AE9260BBFB60008FF22 /* Sources */,
				4F082AEA260BBFB60008FF22 /* Frameworks */,
				4F082AEB260BBFB60008FF22 /* Resources */,
				4F082B27260BC11F0008FF22 /* ShellScript */,
			);
			buildRules = (
			);
			dependencies = (
			);
			name = "iosApp (iOS)";
			productName = "iosApp (iOS)";
			productReference = 4F082AED260BBFB60008FF22 /* iosApp.app */;
			productType = "com.apple.product-type.application";
		};
		4F082AF4260BBFB60008FF22 /* iosApp (macOS) */ = {
			isa = PBXNativeTarget;
			buildConfigurationList = 4F082B1A260BBFB60008FF22 /* Build configuration list for PBXNativeTarget "iosApp (macOS)" */;
			buildPhases = (
				4F082AF1260BBFB60008FF22 /* Sources */,
				4F082AF2260BBFB60008FF22 /* Frameworks */,
				4F082AF3260BBFB60008FF22 /* Resources */,
				4F082B2C260BC1DF0008FF22 /* Run Script */,
			);
			buildRules = (
			);
			dependencies = (
			);
			name = "iosApp (macOS)";
			productName = "iosApp (macOS)";
			productReference = 4F082AF5260BBFB60008FF22 /* iosApp.app */;
			productType = "com.apple.product-type.application";
		};
		4F082AFC260BBFB60008FF22 /* Tests iOS */ = {
			isa = PBXNativeTarget;
			buildConfigurationList = 4F082B1D260BBFB60008FF22 /* Build configuration list for PBXNativeTarget "Tests iOS" */;
			buildPhases = (
				4F082AF9260BBFB60008FF22 /* Sources */,
				4F082AFA260BBFB60008FF22 /* Frameworks */,
				4F082AFB260BBFB60008FF22 /* Resources */,
			);
			buildRules = (
			);
			dependencies = (
				4F082AFF260BBFB60008FF22 /* PBXTargetDependency */,
			);
			name = "Tests iOS";
			productName = "Tests iOS";
			productReference = 4F082AFD260BBFB60008FF22 /* Tests iOS.xctest */;
			productType = "com.apple.product-type.bundle.ui-testing";
		};
		4F082B07260BBFB60008FF22 /* Tests macOS */ = {
			isa = PBXNativeTarget;
			buildConfigurationList = 4F082B20260BBFB60008FF22 /* Build configuration list for PBXNativeTarget "Tests macOS" */;
			buildPhases = (
				4F082B04260BBFB60008FF22 /* Sources */,
				4F082B05260BBFB60008FF22 /* Frameworks */,
				4F082B06260BBFB60008FF22 /* Resources */,
			);
			buildRules = (
			);
			dependencies = (
				4F082B0A260BBFB60008FF22 /* PBXTargetDependency */,
			);
			name = "Tests macOS";
			productName = "Tests macOS";
			productReference = 4F082B08260BBFB60008FF22 /* Tests macOS.xctest */;
			productType = "com.apple.product-type.bundle.ui-testing";
		};
/* End PBXNativeTarget section */

/* Begin PBXProject section */
		4F082AE1260BBFB50008FF22 /* Project object */ = {
			isa = PBXProject;
			attributes = {
				LastSwiftUpdateCheck = 1240;
				LastUpgradeCheck = 1240;
				TargetAttributes = {
					4F082AEC260BBFB60008FF22 = {
						CreatedOnToolsVersion = 12.4;
					};
					4F082AF4260BBFB60008FF22 = {
						CreatedOnToolsVersion = 12.4;
					};
					4F082AFC260BBFB60008FF22 = {
						CreatedOnToolsVersion = 12.4;
						TestTargetID = 4F082AEC260BBFB60008FF22;
					};
					4F082B07260BBFB60008FF22 = {
						CreatedOnToolsVersion = 12.4;
						TestTargetID = 4F082AF4260BBFB60008FF22;
					};
				};
			};
			buildConfigurationList = 4F082AE4260BBFB50008FF22 /* Build configuration list for PBXProject "iosApp" */;
			compatibilityVersion = "Xcode 9.3";
			developmentRegion = en;
			hasScannedForEncodings = 0;
			knownRegions = (
				en,
				Base,
			);
			mainGroup = 4F082AE0260BBFB50008FF22;
			productRefGroup = 4F082AEE260BBFB60008FF22 /* Products */;
			projectDirPath = "";
			projectRoot = "";
			targets = (
				4F082AEC260BBFB60008FF22 /* iosApp (iOS) */,
				4F082AF4260BBFB60008FF22 /* iosApp (macOS) */,
				4F082AFC260BBFB60008FF22 /* Tests iOS */,
				4F082B07260BBFB60008FF22 /* Tests macOS */,
			);
		};
/* End PBXProject section */

/* Begin PBXResourcesBuildPhase section */
		4F082AEB260BBFB60008FF22 /* Resources */ = {
			isa = PBXResourcesBuildPhase;
			buildActionMask = 2147483647;
			files = (
				4F082B13260BBFB60008FF22 /* Assets.xcassets in Resources */,
			);
			runOnlyForDeploymentPostprocessing = 0;
		};
		4F082AF3260BBFB60008FF22 /* Resources */ = {
			isa = PBXResourcesBuildPhase;
			buildActionMask = 2147483647;
			files = (
				4F082B14260BBFB60008FF22 /* Assets.xcassets in Resources */,
			);
			runOnlyForDeploymentPostprocessing = 0;
		};
		4F082AFB260BBFB60008FF22 /* Resources */ = {
			isa = PBXResourcesBuildPhase;
			buildActionMask = 2147483647;
			files = (
			);
			runOnlyForDeploymentPostprocessing = 0;
		};
		4F082B06260BBFB60008FF22 /* Resources */ = {
			isa = PBXResourcesBuildPhase;
			buildActionMask = 2147483647;
			files = (
			);
			runOnlyForDeploymentPostprocessing = 0;
		};
/* End PBXResourcesBuildPhase section */

/* Begin PBXShellScriptBuildPhase section */
		4F082B27260BC11F0008FF22 /* ShellScript */ = {
			isa = PBXShellScriptBuildPhase;
			buildActionMask = 2147483647;
			files = (
			);
			inputFileListPaths = (
			);
			inputPaths = (
			);
			outputFileListPaths = (
			);
			outputPaths = (
			);
			runOnlyForDeploymentPostprocessing = 0;
			shellPath = /bin/sh;
			shellScript = "cd \"$SRCROOT/../../shared/build/xcode-frameworks\"\n./gradlew :shared:build -PXCODE_CONFIGURATION=${CONFIGURATION}\n";
		};
		4F082B2C260BC1DF0008FF22 /* Run Script */ = {
			isa = PBXShellScriptBuildPhase;
			buildActionMask = 2147483647;
			files = (
			);
			inputFileListPaths = (
			);
			inputPaths = (
			);
			name = "Run Script";
			outputFileListPaths = (
			);
			outputPaths = (
			);
			runOnlyForDeploymentPostprocessing = 0;
			shellPath = /bin/sh;
			shellScript = "cd \"$SRCROOT/../../shared/build/xcode-frameworks\"\n./gradlew :shared:build -PXCODE_CONFIGURATION=${CONFIGURATION}\n";
		};
/* End PBXShellScriptBuildPhase section */

/* Begin PBXSourcesBuildPhase section */
		4F082AE9260BBFB60008FF22 /* Sources */ = {
			isa = PBXSourcesBuildPhase;
			buildActionMask = 2147483647;
			files = (
				4F082B11260BBFB60008FF22 /* ContentView.swift in Sources */,
				4F082B0F260BBFB60008FF22 /* iosAppApp.swift in Sources */,
			);
			runOnlyForDeploymentPostprocessing = 0;
		};
		4F082AF1260BBFB60008FF22 /* Sources */ = {
			isa = PBXSourcesBuildPhase;
			buildActionMask = 2147483647;
			files = (
				4F082B12260BBFB60008FF22 /* ContentView.swift in Sources */,
				4F082B10260BBFB60008FF22 /* iosAppApp.swift in Sources */,
			);
			runOnlyForDeploymentPostprocessing = 0;
		};
		4F082AF9260BBFB60008FF22 /* Sources */ = {
			isa = PBXSourcesBuildPhase;
			buildActionMask = 2147483647;
			files = (
				4F082B02260BBFB60008FF22 /* Tests_iOS.swift in Sources */,
			);
			runOnlyForDeploymentPostprocessing = 0;
		};
		4F082B04260BBFB60008FF22 /* Sources */ = {
			isa = PBXSourcesBuildPhase;
			buildActionMask = 2147483647;
			files = (
				4F082B0D260BBFB60008FF22 /* Tests_macOS.swift in Sources */,
			);
			runOnlyForDeploymentPostprocessing = 0;
		};
/* End PBXSourcesBuildPhase section */

/* Begin PBXTargetDependency section */
		4F082AFF260BBFB60008FF22 /* PBXTargetDependency */ = {
			isa = PBXTargetDependency;
			target = 4F082AEC260BBFB60008FF22 /* iosApp (iOS) */;
			targetProxy = 4F082AFE260BBFB60008FF22 /* PBXContainerItemProxy */;
		};
		4F082B0A260BBFB60008FF22 /* PBXTargetDependency */ = {
			isa = PBXTargetDependency;
			target = 4F082AF4260BBFB60008FF22 /* iosApp (macOS) */;
			targetProxy = 4F082B09260BBFB60008FF22 /* PBXContainerItemProxy */;
		};
/* End PBXTargetDependency section */

/* Begin XCBuildConfiguration section */
		4F082B15260BBFB60008FF22 /* Debug */ = {
			isa = XCBuildConfiguration;
			buildSettings = {
				ALWAYS_SEARCH_USER_PATHS = NO;
				CLANG_ANALYZER_NONNULL = YES;
				CLANG_ANALYZER_NUMBER_OBJECT_CONVERSION = YES_AGGRESSIVE;
				CLANG_CXX_LANGUAGE_STANDARD = "gnu++14";
				CLANG_CXX_LIBRARY = "libc++";
				CLANG_ENABLE_MODULES = YES;
				CLANG_ENABLE_OBJC_ARC = YES;
				CLANG_ENABLE_OBJC_WEAK = YES;
				CLANG_WARN_BLOCK_CAPTURE_AUTORELEASING = YES;
				CLANG_WARN_BOOL_CONVERSION = YES;
				CLANG_WARN_COMMA = YES;
				CLANG_WARN_CONSTANT_CONVERSION = YES;
				CLANG_WARN_DEPRECATED_OBJC_IMPLEMENTATIONS = YES;
				CLANG_WARN_DIRECT_OBJC_ISA_USAGE = YES_ERROR;
				CLANG_WARN_DOCUMENTATION_COMMENTS = YES;
				CLANG_WARN_EMPTY_BODY = YES;
				CLANG_WARN_ENUM_CONVERSION = YES;
				CLANG_WARN_INFINITE_RECURSION = YES;
				CLANG_WARN_INT_CONVERSION = YES;
				CLANG_WARN_NON_LITERAL_NULL_CONVERSION = YES;
				CLANG_WARN_OBJC_IMPLICIT_RETAIN_SELF = YES;
				CLANG_WARN_OBJC_LITERAL_CONVERSION = YES;
				CLANG_WARN_OBJC_ROOT_CLASS = YES_ERROR;
				CLANG_WARN_QUOTED_INCLUDE_IN_FRAMEWORK_HEADER = YES;
				CLANG_WARN_RANGE_LOOP_ANALYSIS = YES;
				CLANG_WARN_STRICT_PROTOTYPES = YES;
				CLANG_WARN_SUSPICIOUS_MOVE = YES;
				CLANG_WARN_UNGUARDED_AVAILABILITY = YES_AGGRESSIVE;
				CLANG_WARN_UNREACHABLE_CODE = YES;
				CLANG_WARN__DUPLICATE_METHOD_MATCH = YES;
				COPY_PHASE_STRIP = NO;
				DEBUG_INFORMATION_FORMAT = dwarf;
				ENABLE_STRICT_OBJC_MSGSEND = YES;
				ENABLE_TESTABILITY = YES;
				GCC_C_LANGUAGE_STANDARD = gnu11;
				GCC_DYNAMIC_NO_PIC = NO;
				GCC_NO_COMMON_BLOCKS = YES;
				GCC_OPTIMIZATION_LEVEL = 0;
				GCC_PREPROCESSOR_DEFINITIONS = (
					"DEBUG=1",
					"$(inherited)",
				);
				GCC_WARN_64_TO_32_BIT_CONVERSION = YES;
				GCC_WARN_ABOUT_RETURN_TYPE = YES_ERROR;
				GCC_WARN_UNDECLARED_SELECTOR = YES;
				GCC_WARN_UNINITIALIZED_AUTOS = YES_AGGRESSIVE;
				GCC_WARN_UNUSED_FUNCTION = YES;
				GCC_WARN_UNUSED_VARIABLE = YES;
				MTL_ENABLE_DEBUG_INFO = INCLUDE_SOURCE;
				MTL_FAST_MATH = YES;
				ONLY_ACTIVE_ARCH = YES;
				SWIFT_ACTIVE_COMPILATION_CONDITIONS = DEBUG;
				SWIFT_OPTIMIZATION_LEVEL = "-Onone";
			};
			name = Debug;
		};
		4F082B16260BBFB60008FF22 /* Release */ = {
			isa = XCBuildConfiguration;
			buildSettings = {
				ALWAYS_SEARCH_USER_PATHS = NO;
				CLANG_ANALYZER_NONNULL = YES;
				CLANG_ANALYZER_NUMBER_OBJECT_CONVERSION = YES_AGGRESSIVE;
				CLANG_CXX_LANGUAGE_STANDARD = "gnu++14";
				CLANG_CXX_LIBRARY = "libc++";
				CLANG_ENABLE_MODULES = YES;
				CLANG_ENABLE_OBJC_ARC = YES;
				CLANG_ENABLE_OBJC_WEAK = YES;
				CLANG_WARN_BLOCK_CAPTURE_AUTORELEASING = YES;
				CLANG_WARN_BOOL_CONVERSION = YES;
				CLANG_WARN_COMMA = YES;
				CLANG_WARN_CONSTANT_CONVERSION = YES;
				CLANG_WARN_DEPRECATED_OBJC_IMPLEMENTATIONS = YES;
				CLANG_WARN_DIRECT_OBJC_ISA_USAGE = YES_ERROR;
				CLANG_WARN_DOCUMENTATION_COMMENTS = YES;
				CLANG_WARN_EMPTY_BODY = YES;
				CLANG_WARN_ENUM_CONVERSION = YES;
				CLANG_WARN_INFINITE_RECURSION = YES;
				CLANG_WARN_INT_CONVERSION = YES;
				CLANG_WARN_NON_LITERAL_NULL_CONVERSION = YES;
				CLANG_WARN_OBJC_IMPLICIT_RETAIN_SELF = YES;
				CLANG_WARN_OBJC_LITERAL_CONVERSION = YES;
				CLANG_WARN_OBJC_ROOT_CLASS = YES_ERROR;
				CLANG_WARN_QUOTED_INCLUDE_IN_FRAMEWORK_HEADER = YES;
				CLANG_WARN_RANGE_LOOP_ANALYSIS = YES;
				CLANG_WARN_STRICT_PROTOTYPES = YES;
				CLANG_WARN_SUSPICIOUS_MOVE = YES;
				CLANG_WARN_UNGUARDED_AVAILABILITY = YES_AGGRESSIVE;
				CLANG_WARN_UNREACHABLE_CODE = YES;
				CLANG_WARN__DUPLICATE_METHOD_MATCH = YES;
				COPY_PHASE_STRIP = NO;
				DEBUG_INFORMATION_FORMAT = "dwarf-with-dsym";
				ENABLE_NS_ASSERTIONS = NO;
				ENABLE_STRICT_OBJC_MSGSEND = YES;
				GCC_C_LANGUAGE_STANDARD = gnu11;
				GCC_NO_COMMON_BLOCKS = YES;
				GCC_WARN_64_TO_32_BIT_CONVERSION = YES;
				GCC_WARN_ABOUT_RETURN_TYPE = YES_ERROR;
				GCC_WARN_UNDECLARED_SELECTOR = YES;
				GCC_WARN_UNINITIALIZED_AUTOS = YES_AGGRESSIVE;
				GCC_WARN_UNUSED_FUNCTION = YES;
				GCC_WARN_UNUSED_VARIABLE = YES;
				MTL_ENABLE_DEBUG_INFO = NO;
				MTL_FAST_MATH = YES;
				SWIFT_COMPILATION_MODE = wholemodule;
				SWIFT_OPTIMIZATION_LEVEL = "-O";
			};
			name = Release;
		};
		4F082B18260BBFB60008FF22 /* Debug */ = {
			isa = XCBuildConfiguration;
			buildSettings = {
				ASSETCATALOG_COMPILER_APPICON_NAME = AppIcon;
				ASSETCATALOG_COMPILER_GLOBAL_ACCENT_COLOR_NAME = AccentColor;
				CODE_SIGN_STYLE = Automatic;
				DEVELOPMENT_TEAM = DWC22QYD32;
				ENABLE_PREVIEWS = YES;
				INFOPLIST_FILE = iOS/Info.plist;
				IPHONEOS_DEPLOYMENT_TARGET = 14.0;
				LD_RUNPATH_SEARCH_PATHS = (
					"$(inherited)",
					"@executable_path/Frameworks",
				);
				PRODUCT_BUNDLE_IDENTIFIER = com.tammamkhalaf.iosApp;
				PRODUCT_NAME = iosApp;
				SDKROOT = iphoneos;
				SWIFT_VERSION = 5.0;
				TARGETED_DEVICE_FAMILY = "1,2";
			};
			name = Debug;
		};
		4F082B19260BBFB60008FF22 /* Release */ = {
			isa = XCBuildConfiguration;
			buildSettings = {
				ASSETCATALOG_COMPILER_APPICON_NAME = AppIcon;
				ASSETCATALOG_COMPILER_GLOBAL_ACCENT_COLOR_NAME = AccentColor;
				CODE_SIGN_STYLE = Automatic;
				DEVELOPMENT_TEAM = DWC22QYD32;
				ENABLE_PREVIEWS = YES;
				INFOPLIST_FILE = iOS/Info.plist;
				IPHONEOS_DEPLOYMENT_TARGET = 14.0;
				LD_RUNPATH_SEARCH_PATHS = (
					"$(inherited)",
					"@executable_path/Frameworks",
				);
				PRODUCT_BUNDLE_IDENTIFIER = com.tammamkhalaf.iosApp;
				PRODUCT_NAME = iosApp;
				SDKROOT = iphoneos;
				SWIFT_VERSION = 5.0;
				TARGETED_DEVICE_FAMILY = "1,2";
				VALIDATE_PRODUCT = YES;
			};
			name = Release;
		};
		4F082B1B260BBFB60008FF22 /* Debug */ = {
			isa = XCBuildConfiguration;
			buildSettings = {
				ASSETCATALOG_COMPILER_APPICON_NAME = AppIcon;
				ASSETCATALOG_COMPILER_GLOBAL_ACCENT_COLOR_NAME = AccentColor;
				CODE_SIGN_ENTITLEMENTS = macOS/macOS.entitlements;
				CODE_SIGN_STYLE = Automatic;
				COMBINE_HIDPI_IMAGES = YES;
				DEVELOPMENT_TEAM = DWC22QYD32;
				ENABLE_HARDENED_RUNTIME = YES;
				ENABLE_PREVIEWS = YES;
				INFOPLIST_FILE = macOS/Info.plist;
				LD_RUNPATH_SEARCH_PATHS = (
					"$(inherited)",
					"@executable_path/../Frameworks",
				);
				MACOSX_DEPLOYMENT_TARGET = 11.0;
				PRODUCT_BUNDLE_IDENTIFIER = com.tammamkhalaf.iosApp;
				PRODUCT_NAME = iosApp;
				SDKROOT = macosx;
				SWIFT_VERSION = 5.0;
			};
			name = Debug;
		};
		4F082B1C260BBFB60008FF22 /* Release */ = {
			isa = XCBuildConfiguration;
			buildSettings = {
				ASSETCATALOG_COMPILER_APPICON_NAME = AppIcon;
				ASSETCATALOG_COMPILER_GLOBAL_ACCENT_COLOR_NAME = AccentColor;
				CODE_SIGN_ENTITLEMENTS = macOS/macOS.entitlements;
				CODE_SIGN_STYLE = Automatic;
				COMBINE_HIDPI_IMAGES = YES;
				DEVELOPMENT_TEAM = DWC22QYD32;
				ENABLE_HARDENED_RUNTIME = YES;
				ENABLE_PREVIEWS = YES;
				INFOPLIST_FILE = macOS/Info.plist;
				LD_RUNPATH_SEARCH_PATHS = (
					"$(inherited)",
					"@executable_path/../Frameworks",
				);
				MACOSX_DEPLOYMENT_TARGET = 11.0;
				PRODUCT_BUNDLE_IDENTIFIER = com.tammamkhalaf.iosApp;
				PRODUCT_NAME = iosApp;
				SDKROOT = macosx;
				SWIFT_VERSION = 5.0;
			};
			name = Release;
		};
		4F082B1E260BBFB60008FF22 /* Debug */ = {
			isa = XCBuildConfiguration;
			buildSettings = {
				ALWAYS_EMBED_SWIFT_STANDARD_LIBRARIES = YES;
				CODE_SIGN_STYLE = Automatic;
				DEVELOPMENT_TEAM = DWC22QYD32;
				INFOPLIST_FILE = "Tests iOS/Info.plist";
				IPHONEOS_DEPLOYMENT_TARGET = 14.4;
				LD_RUNPATH_SEARCH_PATHS = (
					"$(inherited)",
					"@executable_path/Frameworks",
					"@loader_path/Frameworks",
				);
				PRODUCT_BUNDLE_IDENTIFIER = "com.tammamkhalaf.Tests-iOS";
				PRODUCT_NAME = "$(TARGET_NAME)";
				SDKROOT = iphoneos;
				SWIFT_VERSION = 5.0;
				TARGETED_DEVICE_FAMILY = "1,2";
				TEST_TARGET_NAME = "iosApp (iOS)";
			};
			name = Debug;
		};
		4F082B1F260BBFB60008FF22 /* Release */ = {
			isa = XCBuildConfiguration;
			buildSettings = {
				ALWAYS_EMBED_SWIFT_STANDARD_LIBRARIES = YES;
				CODE_SIGN_STYLE = Automatic;
				DEVELOPMENT_TEAM = DWC22QYD32;
				INFOPLIST_FILE = "Tests iOS/Info.plist";
				IPHONEOS_DEPLOYMENT_TARGET = 14.4;
				LD_RUNPATH_SEARCH_PATHS = (
					"$(inherited)",
					"@executable_path/Frameworks",
					"@loader_path/Frameworks",
				);
				PRODUCT_BUNDLE_IDENTIFIER = "com.tammamkhalaf.Tests-iOS";
				PRODUCT_NAME = "$(TARGET_NAME)";
				SDKROOT = iphoneos;
				SWIFT_VERSION = 5.0;
				TARGETED_DEVICE_FAMILY = "1,2";
				TEST_TARGET_NAME = "iosApp (iOS)";
				VALIDATE_PRODUCT = YES;
			};
			name = Release;
		};
		4F082B21260BBFB60008FF22 /* Debug */ = {
			isa = XCBuildConfiguration;
			buildSettings = {
				ALWAYS_EMBED_SWIFT_STANDARD_LIBRARIES = YES;
				CODE_SIGN_STYLE = Automatic;
				COMBINE_HIDPI_IMAGES = YES;
				DEVELOPMENT_TEAM = DWC22QYD32;
				INFOPLIST_FILE = "Tests macOS/Info.plist";
				LD_RUNPATH_SEARCH_PATHS = (
					"$(inherited)",
					"@executable_path/../Frameworks",
					"@loader_path/../Frameworks",
				);
				MACOSX_DEPLOYMENT_TARGET = 10.15;
				PRODUCT_BUNDLE_IDENTIFIER = "com.tammamkhalaf.Tests-macOS";
				PRODUCT_NAME = "$(TARGET_NAME)";
				SDKROOT = macosx;
				SWIFT_VERSION = 5.0;
				TEST_TARGET_NAME = "iosApp (macOS)";
			};
			name = Debug;
		};
		4F082B22260BBFB60008FF22 /* Release */ = {
			isa = XCBuildConfiguration;
			buildSettings = {
				ALWAYS_EMBED_SWIFT_STANDARD_LIBRARIES = YES;
				CODE_SIGN_STYLE = Automatic;
				COMBINE_HIDPI_IMAGES = YES;
				DEVELOPMENT_TEAM = DWC22QYD32;
				INFOPLIST_FILE = "Tests macOS/Info.plist";
				LD_RUNPATH_SEARCH_PATHS = (
					"$(inherited)",
					"@executable_path/../Frameworks",
					"@loader_path/../Frameworks",
				);
				MACOSX_DEPLOYMENT_TARGET = 10.15;
				PRODUCT_BUNDLE_IDENTIFIER = "com.tammamkhalaf.Tests-macOS";
				PRODUCT_NAME = "$(TARGET_NAME)";
				SDKROOT = macosx;
				SWIFT_VERSION = 5.0;
				TEST_TARGET_NAME = "iosApp (macOS)";
			};
			name = Release;
		};
/* End XCBuildConfiguration section */

/* Begin XCConfigurationList section */
		4F082AE4260BBFB50008FF22 /* Build configuration list for PBXProject "iosApp" */ = {
			isa = XCConfigurationList;
			buildConfigurations = (
				4F082B15260BBFB60008FF22 /* Debug */,
				4F082B16260BBFB60008FF22 /* Release */,
			);
			defaultConfigurationIsVisible = 0;
			defaultConfigurationName = Release;
		};
		4F082B17260BBFB60008FF22 /* Build configuration list for PBXNativeTarget "iosApp (iOS)" */ = {
			isa = XCConfigurationList;
			buildConfigurations = (
				4F082B18260BBFB60008FF22 /* Debug */,
				4F082B19260BBFB60008FF22 /* Release */,
			);
			defaultConfigurationIsVisible = 0;
			defaultConfigurationName = Release;
		};
		4F082B1A260BBFB60008FF22 /* Build configuration list for PBXNativeTarget "iosApp (macOS)" */ = {
			isa = XCConfigurationList;
			buildConfigurations = (
				4F082B1B260BBFB60008FF22 /* Debug */,
				4F082B1C260BBFB60008FF22 /* Release */,
			);
			defaultConfigurationIsVisible = 0;
			defaultConfigurationName = Release;
		};
		4F082B1D260BBFB60008FF22 /* Build configuration list for PBXNativeTarget "Tests iOS" */ = {
			isa = XCConfigurationList;
			buildConfigurations = (
				4F082B1E260BBFB60008FF22 /* Debug */,
				4F082B1F260BBFB60008FF22 /* Release */,
			);
			defaultConfigurationIsVisible = 0;
			defaultConfigurationName = Release;
		};
		4F082B20260BBFB60008FF22 /* Build configuration list for PBXNativeTarget "Tests macOS" */ = {
			isa = XCConfigurationList;
			buildConfigurations = (
				4F082B21260BBFB60008FF22 /* Debug */,
				4F082B22260BBFB60008FF22 /* Release */,
			);
			defaultConfigurationIsVisible = 0;
			defaultConfigurationName = Release;
		};
/* End XCConfigurationList section */
	};
	rootObject = 4F082AE1260BBFB50008FF22 /* Project object */;
}
